
Microsoft Visual Studio Solution File, Format Version 12.00
# Visual Studio Version 17
VisualStudioVersion = 17.4.33110.190
MinimumVisualStudioVersion = 10.0.40219.1
Project("{FAE04EC0-301F-11D3-BF4B-00C04F79EFBC}") = "KoperasiTentera", "KoperasiTentera\KoperasiTentera.csproj", "{83316BE5-458A-4A6A-B913-2A6C66E5F510}"
EndProject
Project("{FAE04EC0-301F-11D3-BF4B-00C04F79EFBC}") = "KoperasiTenteraDAL", "DAL\KoperasiTenteraDAL.csproj", "{CA4172A4-ECB0-41E2-942E-80E5DD8CBF45}"
EndProject
Project("{FAE04EC0-301F-11D3-BF4B-00C04F79EFBC}") = "ServiceLayer", "ServiceLayer\ServiceLayer.csproj", "{FFC4C801-1610-47DD-804F-6566E32A3AB7}"
EndProject
Global
	GlobalSection(SolutionConfigurationPlatforms) = preSolution
		Debug|Any CPU = Debug|Any CPU
		Release|Any CPU = Release|Any CPU
	EndGlobalSection
	GlobalSection(ProjectConfigurationPlatforms) = postSolution
		{83316BE5-458A-4A6A-B913-2A6C66E5F510}.Debug|Any CPU.ActiveCfg = Debug|Any CPU
		{83316BE5-458A-4A6A-B913-2A6C66E5F510}.Debug|Any CPU.Build.0 = Debug|Any CPU
		{83316BE5-458A-4A6A-B913-2A6C66E5F510}.Release|Any CPU.ActiveCfg = Release|Any CPU
		{83316BE5-458A-4A6A-B913-2A6C66E5F510}.Release|Any CPU.Build.0 = Release|Any CPU
		{CA4172A4-ECB0-41E2-942E-80E5DD8CBF45}.Debug|Any CPU.ActiveCfg = Debug|Any CPU
		{CA4172A4-ECB0-41E2-942E-80E5DD8CBF45}.Debug|Any CPU.Build.0 = Debug|Any CPU
		{CA4172A4-ECB0-41E2-942E-80E5DD8CBF45}.Release|Any CPU.ActiveCfg = Release|Any CPU
		{CA4172A4-ECB0-41E2-942E-80E5DD8CBF45}.Release|Any CPU.Build.0 = Release|Any CPU
		{FFC4C801-1610-47DD-804F-6566E32A3AB7}.Debug|Any CPU.ActiveCfg = Debug|Any CPU
		{FFC4C801-1610-47DD-804F-6566E32A3AB7}.Debug|Any CPU.Build.0 = Debug|Any CPU
		{FFC4C801-1610-47DD-804F-6566E32A3AB7}.Release|Any CPU.ActiveCfg = Release|Any CPU
		{FFC4C801-1610-47DD-804F-6566E32A3AB7}.Release|Any CPU.Build.0 = Release|Any CPU
	EndGlobalSection
	GlobalSection(SolutionProperties) = preSolution
		HideSolutionNode = FALSE
	EndGlobalSection
	GlobalSection(ExtensibilityGlobals) = postSolution
		SolutionGuid = {A493EBC8-315B-4786-8A77-CC565AEFA7AF}
	EndGlobalSection
EndGlobal
